
Microsoft Visual Studio Solution File, Format Version 12.00
# Visual Studio Version 17
VisualStudioVersion = 17.2.32519.379
MinimumVisualStudioVersion = 10.0.40219.1
Project("{9A19103F-16F7-4668-BE54-9A1E7A4F7556}") = "BlazorPromises", "BlazorPromises\BlazorPromises.csproj", "{803BCFB0-987B-4416-A605-939A1C7319B5}"
EndProject
Global
	GlobalSection(SolutionConfigurationPlatforms) = preSolution
		Debug|Any CPU = Debug|Any CPU
		Release|Any CPU = Release|Any CPU
	EndGlobalSection
	GlobalSection(ProjectConfigurationPlatforms) = postSolution
		{803BCFB0-987B-4416-A605-939A1C7319B5}.Debug|Any CPU.ActiveCfg = Debug|Any CPU
		{803BCFB0-987B-4416-A605-939A1C7319B5}.Debug|Any CPU.Build.0 = Debug|Any CPU
		{803BCFB0-987B-4416-A605-939A1C7319B5}.Release|Any CPU.ActiveCfg = Release|Any CPU
		{803BCFB0-987B-4416-A605-939A1C7319B5}.Release|Any CPU.Build.0 = Release|Any CPU
	EndGlobalSection
	GlobalSection(SolutionProperties) = preSolution
		HideSolutionNode = FALSE
	EndGlobalSection
	GlobalSection(ExtensibilityGlobals) = postSolution
		SolutionGuid = {40625075-A2D5-46DC-B7BB-6BF3650D14BA}
	EndGlobalSection
EndGlobal
